<?xml version="1.0" encoding="utf-8"?>
<Project ToolsVersion="4.0" xmlns="http://schemas.microsoft.com/developer/msbuild/2003">
  <ItemGroup>
    <Filter Include="소스 파일">
      <UniqueIdentifier>{4FC737F1-C7A5-4376-A066-2A32D752A2FF}</UniqueIdentifier>
      <Extensions>cpp;c;cc;cxx;c++;cppm;ixx;def;odl;idl;hpj;bat;asm;asmx</Extensions>
    </Filter>
    <Filter Include="헤더 파일">
      <UniqueIdentifier>{93995380-89BD-4b04-88EB-625FBE52EBFB}</UniqueIdentifier>
      <Extensions>h;hh;hpp;hxx;h++;hm;inl;inc;ipp;xsd</Extensions>
    </Filter>
    <Filter Include="리소스 파일">
      <UniqueIdentifier>{67DA6AB6-F800-4c08-8B7A-83BB121AAD01}</UniqueIdentifier>
      <Extensions>rc;ico;cur;bmp;dlg;rc2;rct;bin;rgs;gif;jpg;jpeg;jpe;resx;tiff;tif;png;wav;mfcribbon-ms</Extensions>
    </Filter>
    <Filter Include="Engine">
      <UniqueIdentifier>{a8e098d5-f24a-4ad5-a018-859f8dc84b1d}</UniqueIdentifier>
    </Filter>
    <Filter Include="Engine\Core">
      <UniqueIdentifier>{29c74b2a-972d-412d-bc4a-2465f384b5f9}</UniqueIdentifier>
    </Filter>
    <Filter Include="Util">
      <UniqueIdentifier>{da4b95dc-36c6-40ee-9860-2ec5e325d45e}</UniqueIdentifier>
    </Filter>
    <Filter Include="Engine\Manager">
      <UniqueIdentifier>{9c71cd82-7843-43fd-98f8-a0e9ad498e63}</UniqueIdentifier>
    </Filter>
    <Filter Include="Engine\Asset">
      <UniqueIdentifier>{a195b62d-287a-46f5-8490-be2bcbde2c3d}</UniqueIdentifier>
    </Filter>
    <Filter Include="Scene">
      <UniqueIdentifier>{2551544d-2c0b-4899-99f9-a72abda2a9d6}</UniqueIdentifier>
    </Filter>
    <Filter Include="GameObject">
      <UniqueIdentifier>{8600dc67-d98f-47ab-b853-a45e2b565df9}</UniqueIdentifier>
    </Filter>
    <Filter Include="Engine\Component">
      <UniqueIdentifier>{4e06265c-1d60-449d-b7a1-f96a6027dd6b}</UniqueIdentifier>
    </Filter>
    <Filter Include="Engine\Asset\Resource">
      <UniqueIdentifier>{c5cfb52a-750e-43df-b17a-8d52a11c9f90}</UniqueIdentifier>
    </Filter>
    <Filter Include="Engine\Asset\UI">
      <UniqueIdentifier>{c696e83c-93e9-4b47-9317-6e5ab9181467}</UniqueIdentifier>
    </Filter>
    <Filter Include="Engine\Asset\Tile">
      <UniqueIdentifier>{7d2c888e-7d12-4755-bc37-0d63eb9ab8c0}</UniqueIdentifier>
    </Filter>
    <Filter Include="GameObject\Common">
      <UniqueIdentifier>{9e45e506-939f-4c97-8f87-6146ebb42d5f}</UniqueIdentifier>
    </Filter>
    <Filter Include="GameObject\Stage01">
      <UniqueIdentifier>{f2ad0501-d505-4b88-af0d-880a4673ef5b}</UniqueIdentifier>
    </Filter>
  </ItemGroup>
  <ItemGroup>
    <ClInclude Include="framework.h">
      <Filter>헤더 파일</Filter>
    </ClInclude>
    <ClInclude Include="targetver.h">
      <Filter>헤더 파일</Filter>
    </ClInclude>
    <ClInclude Include="Resource.h">
      <Filter>헤더 파일</Filter>
    </ClInclude>
    <ClInclude Include="WinAPI.h">
      <Filter>헤더 파일</Filter>
    </ClInclude>
    <ClInclude Include="CCore.h">
      <Filter>Engine\Core</Filter>
    </ClInclude>
    <ClInclude Include="SingleTon.h">
      <Filter>Util</Filter>
    </ClInclude>
    <ClInclude Include="CTimeManager.h">
      <Filter>Engine\Manager</Filter>
    </ClInclude>
    <ClInclude Include="CRenderManager.h">
      <Filter>Engine\Manager</Filter>
    </ClInclude>
    <ClInclude Include="CInputManager.h">
      <Filter>Engine\Manager</Filter>
    </ClInclude>
    <ClInclude Include="CScene.h">
      <Filter>Engine\Asset</Filter>
    </ClInclude>
    <ClInclude Include="CSceneTitle.h">
      <Filter>Scene</Filter>
    </ClInclude>
    <ClInclude Include="CSceneStage01.h">
      <Filter>Scene</Filter>
    </ClInclude>
    <ClInclude Include="CSceneManager.h">
      <Filter>Engine\Manager</Filter>
    </ClInclude>
    <ClInclude Include="CGameObject.h">
      <Filter>Engine\Asset</Filter>
    </ClInclude>
    <ClInclude Include="Struct.h">
      <Filter>Util</Filter>
    </ClInclude>
    <ClInclude Include="Logger.h">
      <Filter>Util</Filter>
    </ClInclude>
    <ClInclude Include="CEventManager.h">
      <Filter>Engine\Manager</Filter>
    </ClInclude>
    <ClInclude Include="CComponent.h">
      <Filter>Engine\Component</Filter>
    </ClInclude>
    <ClInclude Include="CCollisionManager.h">
      <Filter>Engine\Manager</Filter>
    </ClInclude>
    <ClInclude Include="CCollider.h">
      <Filter>Engine\Component</Filter>
    </ClInclude>
    <ClInclude Include="CPathManager.h">
      <Filter>Engine\Manager</Filter>
    </ClInclude>
    <ClInclude Include="CResource.h">
      <Filter>Engine\Asset\Resource</Filter>
    </ClInclude>
    <ClInclude Include="CImage.h">
      <Filter>Engine\Asset\Resource</Filter>
    </ClInclude>
    <ClInclude Include="CResourceManager.h">
      <Filter>Engine\Manager</Filter>
    </ClInclude>
    <ClInclude Include="CAnimator.h">
      <Filter>Engine\Component</Filter>
    </ClInclude>
    <ClInclude Include="CAnimation.h">
      <Filter>Engine\Component</Filter>
    </ClInclude>
    <ClInclude Include="CCameraManager.h">
      <Filter>Engine\Manager</Filter>
    </ClInclude>
    <ClInclude Include="CUI.h">
      <Filter>Engine\Asset\UI</Filter>
    </ClInclude>
    <ClInclude Include="CButton.h">
      <Filter>Engine\Asset\UI</Filter>
    </ClInclude>
    <ClInclude Include="CUIManager.h">
      <Filter>Engine\Manager</Filter>
    </ClInclude>
    <ClInclude Include="CPanel.h">
      <Filter>Engine\Asset\UI</Filter>
    </ClInclude>
    <ClInclude Include="CSceneTileTool.h">
      <Filter>Scene</Filter>
    </ClInclude>
    <ClInclude Include="CTile.h">
      <Filter>Engine\Asset\Tile</Filter>
    </ClInclude>
    <ClInclude Include="CGroundTile.h">
      <Filter>Engine\Asset\Tile</Filter>
    </ClInclude>
    <ClInclude Include="CImageObject.h">
      <Filter>GameObject\Common</Filter>
    </ClInclude>
    <ClInclude Include="CCameraController.h">
      <Filter>GameObject\Common</Filter>
    </ClInclude>
    <ClInclude Include="CMissile.h">
      <Filter>GameObject\Stage01</Filter>
    </ClInclude>
    <ClInclude Include="CMonster.h">
      <Filter>GameObject\Stage01</Filter>
    </ClInclude>
    <ClInclude Include="CPlayer.h">
      <Filter>GameObject\Stage01</Filter>
    </ClInclude>
    <ClInclude Include="CTilePanel.h">
      <Filter>Engine\Asset\UI</Filter>
    </ClInclude>
    <ClInclude Include="CTileButton.h">
      <Filter>Engine\Asset\UI</Filter>
    </ClInclude>
    <ClInclude Include="CSound.h">
      <Filter>Engine\Asset\Resource</Filter>
    </ClInclude>
    <ClInclude Include="CSoundManager.h">
      <Filter>Engine\Manager</Filter>
    </ClInclude>
  </ItemGroup>
  <ItemGroup>
    <ClCompile Include="WinAPI.cpp">
      <Filter>소스 파일</Filter>
    </ClCompile>
    <ClCompile Include="CCore.cpp">
      <Filter>Engine\Core</Filter>
    </ClCompile>
    <ClCompile Include="CTimeManager.cpp">
      <Filter>Engine\Manager</Filter>
    </ClCompile>
    <ClCompile Include="CRenderManager.cpp">
      <Filter>Engine\Manager</Filter>
    </ClCompile>
    <ClCompile Include="CInputManager.cpp">
      <Filter>Engine\Manager</Filter>
    </ClCompile>
    <ClCompile Include="CScene.cpp">
      <Filter>Engine\Asset</Filter>
    </ClCompile>
    <ClCompile Include="CSceneTitle.cpp">
      <Filter>Scene</Filter>
    </ClCompile>
    <ClCompile Include="CSceneStage01.cpp">
      <Filter>Scene</Filter>
    </ClCompile>
    <ClCompile Include="CSceneManager.cpp">
      <Filter>Engine\Manager</Filter>
    </ClCompile>
    <ClCompile Include="CGameObject.cpp">
      <Filter>Engine\Asset</Filter>
    </ClCompile>
    <ClCompile Include="CEventManager.cpp">
      <Filter>Engine\Manager</Filter>
    </ClCompile>
    <ClCompile Include="CComponent.cpp">
      <Filter>Engine\Component</Filter>
    </ClCompile>
    <ClCompile Include="CCollisionManager.cpp">
      <Filter>Engine\Manager</Filter>
    </ClCompile>
    <ClCompile Include="CCollider.cpp">
      <Filter>Engine\Component</Filter>
    </ClCompile>
    <ClCompile Include="CPathManager.cpp">
      <Filter>Engine\Manager</Filter>
    </ClCompile>
    <ClCompile Include="CResource.cpp">
      <Filter>Engine\Asset\Resource</Filter>
    </ClCompile>
    <ClCompile Include="CImage.cpp">
      <Filter>Engine\Asset\Resource</Filter>
    </ClCompile>
    <ClCompile Include="CResourceManager.cpp">
      <Filter>Engine\Manager</Filter>
    </ClCompile>
    <ClCompile Include="CAnimator.cpp">
      <Filter>Engine\Component</Filter>
    </ClCompile>
    <ClCompile Include="CAnimation.cpp">
      <Filter>Engine\Component</Filter>
    </ClCompile>
    <ClCompile Include="CCameraManager.cpp">
      <Filter>Engine\Manager</Filter>
    </ClCompile>
    <ClCompile Include="CUI.cpp">
      <Filter>Engine\Asset\UI</Filter>
    </ClCompile>
    <ClCompile Include="CButton.cpp">
      <Filter>Engine\Asset\UI</Filter>
    </ClCompile>
    <ClCompile Include="CUIManager.cpp">
      <Filter>Engine\Manager</Filter>
    </ClCompile>
    <ClCompile Include="CPanel.cpp">
      <Filter>Engine\Asset\UI</Filter>
    </ClCompile>
    <ClCompile Include="CSceneTileTool.cpp">
      <Filter>Scene</Filter>
    </ClCompile>
    <ClCompile Include="CTile.cpp">
      <Filter>Engine\Asset\Tile</Filter>
    </ClCompile>
    <ClCompile Include="CGroundTile.cpp">
      <Filter>Engine\Asset\Tile</Filter>
    </ClCompile>
    <ClCompile Include="CImageObject.cpp">
      <Filter>GameObject\Common</Filter>
    </ClCompile>
    <ClCompile Include="CCameraController.cpp">
      <Filter>GameObject\Common</Filter>
    </ClCompile>
    <ClCompile Include="CMissile.cpp">
      <Filter>GameObject\Stage01</Filter>
    </ClCompile>
    <ClCompile Include="CMonster.cpp">
      <Filter>GameObject\Stage01</Filter>
    </ClCompile>
    <ClCompile Include="CPlayer.cpp">
      <Filter>GameObject\Stage01</Filter>
    </ClCompile>
    <ClCompile Include="CTileButton.cpp">
      <Filter>Engine\Asset\UI</Filter>
    </ClCompile>
    <ClCompile Include="CTilePanel.cpp">
      <Filter>Engine\Asset\UI</Filter>
    </ClCompile>
    <ClCompile Include="CSound.cpp">
      <Filter>Engine\Asset\Resource</Filter>
    </ClCompile>
    <ClCompile Include="CSoundManager.cpp">
      <Filter>Engine\Manager</Filter>
    </ClCompile>
  </ItemGroup>
  <ItemGroup>
    <ResourceCompile Include="WinAPI.rc">
      <Filter>리소스 파일</Filter>
    </ResourceCompile>
  </ItemGroup>
  <ItemGroup>
    <Image Include="small.ico">
      <Filter>리소스 파일</Filter>
    </Image>
    <Image Include="WinAPI.ico">
      <Filter>리소스 파일</Filter>
    </Image>
  </ItemGroup>
</Project>